{
  "name": "av-site",
  "version": "0.1.0",
  "lockfileVersion": 1,
  "dependencies": {
    "react-masonry-css": {
      "version": "1.0.10",
      "resolved": "https://registry.npmjs.org/react-masonry-css/-/react-masonry-css-1.0.10.tgz",
      "integrity": "sha512-7SdC0g5QtRFN9I4DFPnKYF39UbxY4FJzYxbeYZm27hFgMZvfWT4eyDDv0L5Ui4DpDBxgV9srxd5pIHOqCm7nbw==",
      "dev": true
    }
  }
}
